
Microsoft Visual Studio Solution File, Format Version 12.00
# Visual Studio Version 17
VisualStudioVersion = 17.10.35122.118
MinimumVisualStudioVersion = 10.0.40219.1
Project("{FAE04EC0-301F-11D3-BF4B-00C04F79EFBC}") = "Simple Hospital Management System", "Simple Hospital Management System.csproj", "{87DD4C4E-D9AE-4E50-9E8A-8FAE133F8C22}"
EndProject
Global
	GlobalSection(SolutionConfigurationPlatforms) = preSolution
		Debug|Any CPU = Debug|Any CPU
		Release|Any CPU = Release|Any CPU
	EndGlobalSection
	GlobalSection(ProjectConfigurationPlatforms) = postSolution
		{87DD4C4E-D9AE-4E50-9E8A-8FAE133F8C22}.Debug|Any CPU.ActiveCfg = Debug|Any CPU
		{87DD4C4E-D9AE-4E50-9E8A-8FAE133F8C22}.Debug|Any CPU.Build.0 = Debug|Any CPU
		{87DD4C4E-D9AE-4E50-9E8A-8FAE133F8C22}.Release|Any CPU.ActiveCfg = Release|Any CPU
		{87DD4C4E-D9AE-4E50-9E8A-8FAE133F8C22}.Release|Any CPU.Build.0 = Release|Any CPU
	EndGlobalSection
	GlobalSection(SolutionProperties) = preSolution
		HideSolutionNode = FALSE
	EndGlobalSection
	GlobalSection(ExtensibilityGlobals) = postSolution
		SolutionGuid = {90F2D1E2-A3E3-446A-9959-7B298CBFC7C0}
	EndGlobalSection
EndGlobal
